// !$*UTF8*$!
{
	archiveVersion = 1;
	classes = {
	};
	objectVersion = 56;
	objects = {

/* Begin PBXBuildFile section */
		596060162B1C18A40057894F /* DioramaView.swift in Sources */ = {isa = PBXBuildFile; fileRef = 596060152B1C18A40057894F /* DioramaView.swift */; };
		59ABED442B1BD7EA00EFD2EC /* RealityKitContent in Frameworks */ = {isa = PBXBuildFile; productRef = 59ABED432B1BD7EA00EFD2EC /* RealityKitContent */; };
		59ABED462B1BD7EA00EFD2EC /* DioramasApp.swift in Sources */ = {isa = PBXBuildFile; fileRef = 59ABED452B1BD7EA00EFD2EC /* DioramasApp.swift */; };
		59ABED482B1BD7EA00EFD2EC /* ContentView.swift in Sources */ = {isa = PBXBuildFile; fileRef = 59ABED472B1BD7EA00EFD2EC /* ContentView.swift */; };
		59ABED4A2B1BD7EB00EFD2EC /* Assets.xcassets in Resources */ = {isa = PBXBuildFile; fileRef = 59ABED492B1BD7EB00EFD2EC /* Assets.xcassets */; };
		59ABED4D2B1BD7EB00EFD2EC /* Preview Assets.xcassets in Resources */ = {isa = PBXBuildFile; fileRef = 59ABED4C2B1BD7EB00EFD2EC /* Preview Assets.xcassets */; };
		59ABED582B1BD7EB00EFD2EC /* DioramasTests.swift in Sources */ = {isa = PBXBuildFile; fileRef = 59ABED572B1BD7EB00EFD2EC /* DioramasTests.swift */; };
/* End PBXBuildFile section */

/* Begin PBXContainerItemProxy section */
		59ABED542B1BD7EB00EFD2EC /* PBXContainerItemProxy */ = {
			isa = PBXContainerItemProxy;
			containerPortal = 59ABED362B1BD7EA00EFD2EC /* Project object */;
			proxyType = 1;
			remoteGlobalIDString = 59ABED3D2B1BD7EA00EFD2EC;
			remoteInfo = Dioramas;
		};
/* End PBXContainerItemProxy section */

/* Begin PBXFileReference section */
		596060152B1C18A40057894F /* DioramaView.swift */ = {isa = PBXFileReference; lastKnownFileType = sourcecode.swift; path = DioramaView.swift; sourceTree = "<group>"; };
		59ABED3E2B1BD7EA00EFD2EC /* Dioramas.app */ = {isa = PBXFileReference; explicitFileType = wrapper.application; includeInIndex = 0; path = Dioramas.app; sourceTree = BUILT_PRODUCTS_DIR; };
		59ABED422B1BD7EA00EFD2EC /* RealityKitContent */ = {isa = PBXFileReference; lastKnownFileType = wrapper; path = RealityKitContent; sourceTree = "<group>"; };
		59ABED452B1BD7EA00EFD2EC /* DioramasApp.swift */ = {isa = PBXFileReference; lastKnownFileType = sourcecode.swift; path = DioramasApp.swift; sourceTree = "<group>"; };
		59ABED472B1BD7EA00EFD2EC /* ContentView.swift */ = {isa = PBXFileReference; lastKnownFileType = sourcecode.swift; path = ContentView.swift; sourceTree = "<group>"; };
		59ABED492B1BD7EB00EFD2EC /* Assets.xcassets */ = {isa = PBXFileReference; lastKnownFileType = folder.assetcatalog; path = Assets.xcassets; sourceTree = "<group>"; };
		59ABED4C2B1BD7EB00EFD2EC /* Preview Assets.xcassets */ = {isa = PBXFileReference; lastKnownFileType = folder.assetcatalog; path = "Preview Assets.xcassets"; sourceTree = "<group>"; };
		59ABED4E2B1BD7EB00EFD2EC /* Info.plist */ = {isa = PBXFileReference; lastKnownFileType = text.plist.xml; path = Info.plist; sourceTree = "<group>"; };
		59ABED532B1BD7EB00EFD2EC /* DioramasTests.xctest */ = {isa = PBXFileReference; explicitFileType = wrapper.cfbundle; includeInIndex = 0; path = DioramasTests.xctest; sourceTree = BUILT_PRODUCTS_DIR; };
		59ABED572B1BD7EB00EFD2EC /* DioramasTests.swift */ = {isa = PBXFileReference; lastKnownFileType = sourcecode.swift; path = DioramasTests.swift; sourceTree = "<group>"; };
/* End PBXFileReference section */

/* Begin PBXFrameworksBuildPhase section */
		59ABED3B2B1BD7EA00EFD2EC /* Frameworks */ = {
			isa = PBXFrameworksBuildPhase;
			buildActionMask = 2147483647;
			files = (
				59ABED442B1BD7EA00EFD2EC /* RealityKitContent in Frameworks */,
			);
			runOnlyForDeploymentPostprocessing = 0;
		};
		59ABED502B1BD7EB00EFD2EC /* Frameworks */ = {
			isa = PBXFrameworksBuildPhase;
			buildActionMask = 2147483647;
			files = (
			);
			runOnlyForDeploymentPostprocessing = 0;
		};
/* End PBXFrameworksBuildPhase section */

/* Begin PBXGroup section */
		59ABED352B1BD7EA00EFD2EC = {
			isa = PBXGroup;
			children = (
				59ABED402B1BD7EA00EFD2EC /* Dioramas */,
				59ABED412B1BD7EA00EFD2EC /* Packages */,
				59ABED562B1BD7EB00EFD2EC /* DioramasTests */,
				59ABED3F2B1BD7EA00EFD2EC /* Products */,
			);
			sourceTree = "<group>";
		};
		59ABED3F2B1BD7EA00EFD2EC /* Products */ = {
			isa = PBXGroup;
			children = (
				59ABED3E2B1BD7EA00EFD2EC /* Dioramas.app */,
				59ABED532B1BD7EB00EFD2EC /* DioramasTests.xctest */,
			);
			name = Products;
			sourceTree = "<group>";
		};
		59ABED402B1BD7EA00EFD2EC /* Dioramas */ = {
			isa = PBXGroup;
			children = (
				59ABED452B1BD7EA00EFD2EC /* DioramasApp.swift */,
				59ABED472B1BD7EA00EFD2EC /* ContentView.swift */,
				596060152B1C18A40057894F /* DioramaView.swift */,
				59ABED492B1BD7EB00EFD2EC /* Assets.xcassets */,
				59ABED4E2B1BD7EB00EFD2EC /* Info.plist */,
				59ABED4B2B1BD7EB00EFD2EC /* Preview Content */,
			);
			path = Dioramas;
			sourceTree = "<group>";
		};
		59ABED412B1BD7EA00EFD2EC /* Packages */ = {
			isa = PBXGroup;
			children = (
				59ABED422B1BD7EA00EFD2EC /* RealityKitContent */,
			);
			path = Packages;
			sourceTree = "<group>";
		};
		59ABED4B2B1BD7EB00EFD2EC /* Preview Content */ = {
			isa = PBXGroup;
			children = (
				59ABED4C2B1BD7EB00EFD2EC /* Preview Assets.xcassets */,
			);
			path = "Preview Content";
			sourceTree = "<group>";
		};
		59ABED562B1BD7EB00EFD2EC /* DioramasTests */ = {
			isa = PBXGroup;
			children = (
				59ABED572B1BD7EB00EFD2EC /* DioramasTests.swift */,
			);
			path = DioramasTests;
			sourceTree = "<group>";
		};
/* End PBXGroup section */

/* Begin PBXNativeTarget section */
		59ABED3D2B1BD7EA00EFD2EC /* Dioramas */ = {
			isa = PBXNativeTarget;
			buildConfigurationList = 59ABED5B2B1BD7EB00EFD2EC /* Build configuration list for PBXNativeTarget "Dioramas" */;
			buildPhases = (
				59ABED3A2B1BD7EA00EFD2EC /* Sources */,
				59ABED3B2B1BD7EA00EFD2EC /* Frameworks */,
				59ABED3C2B1BD7EA00EFD2EC /* Resources */,
			);
			buildRules = (
			);
			dependencies = (
			);
			name = Dioramas;
			packageProductDependencies = (
				59ABED432B1BD7EA00EFD2EC /* RealityKitContent */,
			);
			productName = Dioramas;
			productReference = 59ABED3E2B1BD7EA00EFD2EC /* Dioramas.app */;
			productType = "com.apple.product-type.application";
		};
		59ABED522B1BD7EB00EFD2EC /* DioramasTests */ = {
			isa = PBXNativeTarget;
			buildConfigurationList = 59ABED5E2B1BD7EB00EFD2EC /* Build configuration list for PBXNativeTarget "DioramasTests" */;
			buildPhases = (
				59ABED4F2B1BD7EB00EFD2EC /* Sources */,
				59ABED502B1BD7EB00EFD2EC /* Frameworks */,
				59ABED512B1BD7EB00EFD2EC /* Resources */,
			);
			buildRules = (
			);
			dependencies = (
				59ABED552B1BD7EB00EFD2EC /* PBXTargetDependency */,
			);
			name = DioramasTests;
			productName = DioramasTests;
			productReference = 59ABED532B1BD7EB00EFD2EC /* DioramasTests.xctest */;
			productType = "com.apple.product-type.bundle.unit-test";
		};
/* End PBXNativeTarget section */

/* Begin PBXProject section */
		59ABED362B1BD7EA00EFD2EC /* Project object */ = {
			isa = PBXProject;
			attributes = {
				BuildIndependentTargetsInParallel = 1;
				LastSwiftUpdateCheck = 1510;
				LastUpgradeCheck = 1510;
				TargetAttributes = {
					59ABED3D2B1BD7EA00EFD2EC = {
						CreatedOnToolsVersion = 15.1;
					};
					59ABED522B1BD7EB00EFD2EC = {
						CreatedOnToolsVersion = 15.1;
						TestTargetID = 59ABED3D2B1BD7EA00EFD2EC;
					};
				};
			};
			buildConfigurationList = 59ABED392B1BD7EA00EFD2EC /* Build configuration list for PBXProject "Dioramas" */;
			compatibilityVersion = "Xcode 14.0";
			developmentRegion = en;
			hasScannedForEncodings = 0;
			knownRegions = (
				en,
				Base,
			);
			mainGroup = 59ABED352B1BD7EA00EFD2EC;
			productRefGroup = 59ABED3F2B1BD7EA00EFD2EC /* Products */;
			projectDirPath = "";
			projectRoot = "";
			targets = (
				59ABED3D2B1BD7EA00EFD2EC /* Dioramas */,
				59ABED522B1BD7EB00EFD2EC /* DioramasTests */,
			);
		};
/* End PBXProject section */

/* Begin PBXResourcesBuildPhase section */
		59ABED3C2B1BD7EA00EFD2EC /* Resources */ = {
			isa = PBXResourcesBuildPhase;
			buildActionMask = 2147483647;
			files = (
				59ABED4D2B1BD7EB00EFD2EC /* Preview Assets.xcassets in Resources */,
				59ABED4A2B1BD7EB00EFD2EC /* Assets.xcassets in Resources */,
			);
			runOnlyForDeploymentPostprocessing = 0;
		};
		59ABED512B1BD7EB00EFD2EC /* Resources */ = {
			isa = PBXResourcesBuildPhase;
			buildActionMask = 2147483647;
			files = (
			);
			runOnlyForDeploymentPostprocessing = 0;
		};
/* End PBXResourcesBuildPhase section */

/* Begin PBXSourcesBuildPhase section */
		59ABED3A2B1BD7EA00EFD2EC /* Sources */ = {
			isa = PBXSourcesBuildPhase;
			buildActionMask = 2147483647;
			files = (
				596060162B1C18A40057894F /* DioramaView.swift in Sources */,
				59ABED482B1BD7EA00EFD2EC /* ContentView.swift in Sources */,
				59ABED462B1BD7EA00EFD2EC /* DioramasApp.swift in Sources */,
			);
			runOnlyForDeploymentPostprocessing = 0;
		};
		59ABED4F2B1BD7EB00EFD2EC /* Sources */ = {
			isa = PBXSourcesBuildPhase;
			buildActionMask = 2147483647;
			files = (
				59ABED582B1BD7EB00EFD2EC /* DioramasTests.swift in Sources */,
			);
			runOnlyForDeploymentPostprocessing = 0;
		};
/* End PBXSourcesBuildPhase section */

/* Begin PBXTargetDependency section */
		59ABED552B1BD7EB00EFD2EC /* PBXTargetDependency */ = {
			isa = PBXTargetDependency;
			target = 59ABED3D2B1BD7EA00EFD2EC /* Dioramas */;
			targetProxy = 59ABED542B1BD7EB00EFD2EC /* PBXContainerItemProxy */;
		};
/* End PBXTargetDependency section */

/* Begin XCBuildConfiguration section */
		59ABED592B1BD7EB00EFD2EC /* Debug */ = {
			isa = XCBuildConfiguration;
			buildSettings = {
				ALWAYS_SEARCH_USER_PATHS = NO;
				ASSETCATALOG_COMPILER_GENERATE_SWIFT_ASSET_SYMBOL_EXTENSIONS = YES;
				CLANG_ANALYZER_NONNULL = YES;
				CLANG_ANALYZER_NUMBER_OBJECT_CONVERSION = YES_AGGRESSIVE;
				CLANG_CXX_LANGUAGE_STANDARD = "gnu++20";
				CLANG_ENABLE_MODULES = YES;
				CLANG_ENABLE_OBJC_ARC = YES;
				CLANG_ENABLE_OBJC_WEAK = YES;
				CLANG_WARN_BLOCK_CAPTURE_AUTORELEASING = YES;
				CLANG_WARN_BOOL_CONVERSION = YES;
				CLANG_WARN_COMMA = YES;
				CLANG_WARN_CONSTANT_CONVERSION = YES;
				CLANG_WARN_DEPRECATED_OBJC_IMPLEMENTATIONS = YES;
				CLANG_WARN_DIRECT_OBJC_ISA_USAGE = YES_ERROR;
				CLANG_WARN_DOCUMENTATION_COMMENTS = YES;
				CLANG_WARN_EMPTY_BODY = YES;
				CLANG_WARN_ENUM_CONVERSION = YES;
				CLANG_WARN_INFINITE_RECURSION = YES;
				CLANG_WARN_INT_CONVERSION = YES;
				CLANG_WARN_NON_LITERAL_NULL_CONVERSION = YES;
				CLANG_WARN_OBJC_IMPLICIT_RETAIN_SELF = YES;
				CLANG_WARN_OBJC_LITERAL_CONVERSION = YES;
				CLANG_WARN_OBJC_ROOT_CLASS = YES_ERROR;
				CLANG_WARN_QUOTED_INCLUDE_IN_FRAMEWORK_HEADER = YES;
				CLANG_WARN_RANGE_LOOP_ANALYSIS = YES;
				CLANG_WARN_STRICT_PROTOTYPES = YES;
				CLANG_WARN_SUSPICIOUS_MOVE = YES;
				CLANG_WARN_UNGUARDED_AVAILABILITY = YES_AGGRESSIVE;
				CLANG_WARN_UNREACHABLE_CODE = YES;
				CLANG_WARN__DUPLICATE_METHOD_MATCH = YES;
				COPY_PHASE_STRIP = NO;
				DEBUG_INFORMATION_FORMAT = dwarf;
				ENABLE_STRICT_OBJC_MSGSEND = YES;
				ENABLE_TESTABILITY = YES;
				ENABLE_USER_SCRIPT_SANDBOXING = YES;
				GCC_C_LANGUAGE_STANDARD = gnu17;
				GCC_DYNAMIC_NO_PIC = NO;
				GCC_NO_COMMON_BLOCKS = YES;
				GCC_OPTIMIZATION_LEVEL = 0;
				GCC_PREPROCESSOR_DEFINITIONS = (
					"DEBUG=1",
					"$(inherited)",
				);
				GCC_WARN_64_TO_32_BIT_CONVERSION = YES;
				GCC_WARN_ABOUT_RETURN_TYPE = YES_ERROR;
				GCC_WARN_UNDECLARED_SELECTOR = YES;
				GCC_WARN_UNINITIALIZED_AUTOS = YES_AGGRESSIVE;
				GCC_WARN_UNUSED_FUNCTION = YES;
				GCC_WARN_UNUSED_VARIABLE = YES;
				LOCALIZATION_PREFERS_STRING_CATALOGS = YES;
				MTL_ENABLE_DEBUG_INFO = INCLUDE_SOURCE;
				MTL_FAST_MATH = YES;
				ONLY_ACTIVE_ARCH = YES;
				SDKROOT = xros;
				SWIFT_ACTIVE_COMPILATION_CONDITIONS = "DEBUG $(inherited)";
				SWIFT_OPTIMIZATION_LEVEL = "-Onone";
				XROS_DEPLOYMENT_TARGET = 1.0;
			};
			name = Debug;
		};
		59ABED5A2B1BD7EB00EFD2EC /* Release */ = {
			isa = XCBuildConfiguration;
			buildSettings = {
				ALWAYS_SEARCH_USER_PATHS = NO;
				ASSETCATALOG_COMPILER_GENERATE_SWIFT_ASSET_SYMBOL_EXTENSIONS = YES;
				CLANG_ANALYZER_NONNULL = YES;
				CLANG_ANALYZER_NUMBER_OBJECT_CONVERSION = YES_AGGRESSIVE;
				CLANG_CXX_LANGUAGE_STANDARD = "gnu++20";
				CLANG_ENABLE_MODULES = YES;
				CLANG_ENABLE_OBJC_ARC = YES;
				CLANG_ENABLE_OBJC_WEAK = YES;
				CLANG_WARN_BLOCK_CAPTURE_AUTORELEASING = YES;
				CLANG_WARN_BOOL_CONVERSION = YES;
				CLANG_WARN_COMMA = YES;
				CLANG_WARN_CONSTANT_CONVERSION = YES;
				CLANG_WARN_DEPRECATED_OBJC_IMPLEMENTATIONS = YES;
				CLANG_WARN_DIRECT_OBJC_ISA_USAGE = YES_ERROR;
				CLANG_WARN_DOCUMENTATION_COMMENTS = YES;
				CLANG_WARN_EMPTY_BODY = YES;
				CLANG_WARN_ENUM_CONVERSION = YES;
				CLANG_WARN_INFINITE_RECURSION = YES;
				CLANG_WARN_INT_CONVERSION = YES;
				CLANG_WARN_NON_LITERAL_NULL_CONVERSION = YES;
				CLANG_WARN_OBJC_IMPLICIT_RETAIN_SELF = YES;
				CLANG_WARN_OBJC_LITERAL_CONVERSION = YES;
				CLANG_WARN_OBJC_ROOT_CLASS = YES_ERROR;
				CLANG_WARN_QUOTED_INCLUDE_IN_FRAMEWORK_HEADER = YES;
				CLANG_WARN_RANGE_LOOP_ANALYSIS = YES;
				CLANG_WARN_STRICT_PROTOTYPES = YES;
				CLANG_WARN_SUSPICIOUS_MOVE = YES;
				CLANG_WARN_UNGUARDED_AVAILABILITY = YES_AGGRESSIVE;
				CLANG_WARN_UNREACHABLE_CODE = YES;
				CLANG_WARN__DUPLICATE_METHOD_MATCH = YES;
				COPY_PHASE_STRIP = NO;
				DEBUG_INFORMATION_FORMAT = "dwarf-with-dsym";
				ENABLE_NS_ASSERTIONS = NO;
				ENABLE_STRICT_OBJC_MSGSEND = YES;
				ENABLE_USER_SCRIPT_SANDBOXING = YES;
				GCC_C_LANGUAGE_STANDARD = gnu17;
				GCC_NO_COMMON_BLOCKS = YES;
				GCC_WARN_64_TO_32_BIT_CONVERSION = YES;
				GCC_WARN_ABOUT_RETURN_TYPE = YES_ERROR;
				GCC_WARN_UNDECLARED_SELECTOR = YES;
				GCC_WARN_UNINITIALIZED_AUTOS = YES_AGGRESSIVE;
				GCC_WARN_UNUSED_FUNCTION = YES;
				GCC_WARN_UNUSED_VARIABLE = YES;
				LOCALIZATION_PREFERS_STRING_CATALOGS = YES;
				MTL_ENABLE_DEBUG_INFO = NO;
				MTL_FAST_MATH = YES;
				SDKROOT = xros;
				SWIFT_COMPILATION_MODE = wholemodule;
				VALIDATE_PRODUCT = YES;
				XROS_DEPLOYMENT_TARGET = 1.0;
			};
			name = Release;
		};
		59ABED5C2B1BD7EB00EFD2EC /* Debug */ = {
			isa = XCBuildConfiguration;
			buildSettings = {
				ASSETCATALOG_COMPILER_APPICON_NAME = AppIcon;
				ASSETCATALOG_COMPILER_GLOBAL_ACCENT_COLOR_NAME = AccentColor;
				CODE_SIGN_STYLE = Automatic;
				CURRENT_PROJECT_VERSION = 1;
				DEVELOPMENT_ASSET_PATHS = "\"Dioramas/Preview Content\"";
				ENABLE_PREVIEWS = YES;
				GENERATE_INFOPLIST_FILE = YES;
				INFOPLIST_FILE = "$(TARGET_NAME)/Info.plist";
				LD_RUNPATH_SEARCH_PATHS = (
					"$(inherited)",
					"@executable_path/Frameworks",
				);
				MARKETING_VERSION = 1.0;
				PRODUCT_BUNDLE_IDENTIFIER = com.thuertas.Dioramas;
				PRODUCT_NAME = "$(TARGET_NAME)";
				SUPPORTED_PLATFORMS = "xros xrsimulator";
				SWIFT_EMIT_LOC_STRINGS = YES;
				SWIFT_VERSION = 5.0;
				TARGETED_DEVICE_FAMILY = "1,2,7";
			};
			name = Debug;
		};
		59ABED5D2B1BD7EB00EFD2EC /* Release */ = {
			isa = XCBuildConfiguration;
			buildSettings = {
				ASSETCATALOG_COMPILER_APPICON_NAME = AppIcon;
				ASSETCATALOG_COMPILER_GLOBAL_ACCENT_COLOR_NAME = AccentColor;
				CODE_SIGN_STYLE = Automatic;
				CURRENT_PROJECT_VERSION = 1;
				DEVELOPMENT_ASSET_PATHS = "\"Dioramas/Preview Content\"";
				ENABLE_PREVIEWS = YES;
				GENERATE_INFOPLIST_FILE = YES;
				INFOPLIST_FILE = "$(TARGET_NAME)/Info.plist";
				LD_RUNPATH_SEARCH_PATHS = (
					"$(inherited)",
					"@executable_path/Frameworks",
				);
				MARKETING_VERSION = 1.0;
				PRODUCT_BUNDLE_IDENTIFIER = com.thuertas.Dioramas;
				PRODUCT_NAME = "$(TARGET_NAME)";
				SUPPORTED_PLATFORMS = "xros xrsimulator";
				SWIFT_EMIT_LOC_STRINGS = YES;
				SWIFT_VERSION = 5.0;
				TARGETED_DEVICE_FAMILY = "1,2,7";
			};
			name = Release;
		};
		59ABED5F2B1BD7EB00EFD2EC /* Debug */ = {
			isa = XCBuildConfiguration;
			buildSettings = {
				ALWAYS_EMBED_SWIFT_STANDARD_LIBRARIES = YES;
				BUNDLE_LOADER = "$(TEST_HOST)";
				CODE_SIGN_STYLE = Automatic;
				CURRENT_PROJECT_VERSION = 1;
				GENERATE_INFOPLIST_FILE = YES;
				MARKETING_VERSION = 1.0;
				PRODUCT_BUNDLE_IDENTIFIER = com.thuertas.DioramasTests;
				PRODUCT_NAME = "$(TARGET_NAME)";
				SUPPORTED_PLATFORMS = "xros xrsimulator";
				SWIFT_EMIT_LOC_STRINGS = NO;
				SWIFT_VERSION = 5.0;
				TARGETED_DEVICE_FAMILY = "1,2,7";
				TEST_HOST = "$(BUILT_PRODUCTS_DIR)/Dioramas.app/$(BUNDLE_EXECUTABLE_FOLDER_PATH)/Dioramas";
				XROS_DEPLOYMENT_TARGET = 1.0;
			};
			name = Debug;
		};
		59ABED602B1BD7EB00EFD2EC /* Release */ = {
			isa = XCBuildConfiguration;
			buildSettings = {
				ALWAYS_EMBED_SWIFT_STANDARD_LIBRARIES = YES;
				BUNDLE_LOADER = "$(TEST_HOST)";
				CODE_SIGN_STYLE = Automatic;
				CURRENT_PROJECT_VERSION = 1;
				GENERATE_INFOPLIST_FILE = YES;
				MARKETING_VERSION = 1.0;
				PRODUCT_BUNDLE_IDENTIFIER = com.thuertas.DioramasTests;
				PRODUCT_NAME = "$(TARGET_NAME)";
				SUPPORTED_PLATFORMS = "xros xrsimulator";
				SWIFT_EMIT_LOC_STRINGS = NO;
				SWIFT_VERSION = 5.0;
				TARGETED_DEVICE_FAMILY = "1,2,7";
				TEST_HOST = "$(BUILT_PRODUCTS_DIR)/Dioramas.app/$(BUNDLE_EXECUTABLE_FOLDER_PATH)/Dioramas";
				XROS_DEPLOYMENT_TARGET = 1.0;
			};
			name = Release;
		};
/* End XCBuildConfiguration section */

/* Begin XCConfigurationList section */
		59ABED392B1BD7EA00EFD2EC /* Build configuration list for PBXProject "Dioramas" */ = {
			isa = XCConfigurationList;
			buildConfigurations = (
				59ABED592B1BD7EB00EFD2EC /* Debug */,
				59ABED5A2B1BD7EB00EFD2EC /* Release */,
			);
			defaultConfigurationIsVisible = 0;
			defaultConfigurationName = Release;
		};
		59ABED5B2B1BD7EB00EFD2EC /* Build configuration list for PBXNativeTarget "Dioramas" */ = {
			isa = XCConfigurationList;
			buildConfigurations = (
				59ABED5C2B1BD7EB00EFD2EC /* Debug */,
				59ABED5D2B1BD7EB00EFD2EC /* Release */,
			);
			defaultConfigurationIsVisible = 0;
			defaultConfigurationName = Release;
		};
		59ABED5E2B1BD7EB00EFD2EC /* Build configuration list for PBXNativeTarget "DioramasTests" */ = {
			isa = XCConfigurationList;
			buildConfigurations = (
				59ABED5F2B1BD7EB00EFD2EC /* Debug */,
				59ABED602B1BD7EB00EFD2EC /* Release */,
			);
			defaultConfigurationIsVisible = 0;
			defaultConfigurationName = Release;
		};
/* End XCConfigurationList section */

/* Begin XCSwiftPackageProductDependency section */
		59ABED432B1BD7EA00EFD2EC /* RealityKitContent */ = {
			isa = XCSwiftPackageProductDependency;
			productName = RealityKitContent;
		};
/* End XCSwiftPackageProductDependency section */
	};
	rootObject = 59ABED362B1BD7EA00EFD2EC /* Project object */;
}
